// !$*UTF8*$!
{
	archiveVersion = 1;
	classes = {
	};
	objectVersion = 77;
	objects = {

/* Begin PBXBuildFile section */
		1BD085932E62E68E00999528 /* Auth in Frameworks */ = {isa = PBXBuildFile; productRef = 1BD085922E62E68E00999528 /* Auth */; };
		1BD085952E62E68E00999528 /* Functions in Frameworks */ = {isa = PBXBuildFile; productRef = 1BD085942E62E68E00999528 /* Functions */; };
		1BD085972E62E68E00999528 /* PostgREST in Frameworks */ = {isa = PBXBuildFile; productRef = 1BD085962E62E68E00999528 /* PostgREST */; };
		1BD085992E62E68E00999528 /* Realtime in Frameworks */ = {isa = PBXBuildFile; productRef = 1BD085982E62E68E00999528 /* Realtime */; };
		1BD0859B2E62E68E00999528 /* Storage in Frameworks */ = {isa = PBXBuildFile; productRef = 1BD0859A2E62E68E00999528 /* Storage */; };
		1BD0859D2E62E68E00999528 /* Supabase in Frameworks */ = {isa = PBXBuildFile; productRef = 1BD0859C2E62E68E00999528 /* Supabase */; };
/* End PBXBuildFile section */

/* Begin PBXContainerItemProxy section */
		1BFF8ED52E62D70900CB6A87 /* PBXContainerItemProxy */ = {
			isa = PBXContainerItemProxy;
			containerPortal = 1BFF8EBF2E62D70800CB6A87 /* Project object */;
			proxyType = 1;
			remoteGlobalIDString = 1BFF8EC62E62D70800CB6A87;
			remoteInfo = Z3st;
		};
		1BFF8EDF2E62D70900CB6A87 /* PBXContainerItemProxy */ = {
			isa = PBXContainerItemProxy;
			containerPortal = 1BFF8EBF2E62D70800CB6A87 /* Project object */;
			proxyType = 1;
			remoteGlobalIDString = 1BFF8EC62E62D70800CB6A87;
			remoteInfo = Z3st;
		};
/* End PBXContainerItemProxy section */

/* Begin PBXFileReference section */
		1BFF8EC72E62D70800CB6A87 /* Z3st.app */ = {isa = PBXFileReference; explicitFileType = wrapper.application; includeInIndex = 0; path = Z3st.app; sourceTree = BUILT_PRODUCTS_DIR; };
		1BFF8ED42E62D70900CB6A87 /* Z3stTests.xctest */ = {isa = PBXFileReference; explicitFileType = wrapper.cfbundle; includeInIndex = 0; path = Z3stTests.xctest; sourceTree = BUILT_PRODUCTS_DIR; };
		1BFF8EDE2E62D70900CB6A87 /* Z3stUITests.xctest */ = {isa = PBXFileReference; explicitFileType = wrapper.cfbundle; includeInIndex = 0; path = Z3stUITests.xctest; sourceTree = BUILT_PRODUCTS_DIR; };
		1BFF90012E62E9A600CB6A87 /* Z3stWidget.appex */ = {isa = PBXFileReference; explicitFileType = "wrapper.app-extension"; includeInIndex = 0; path = Z3stWidget.appex; sourceTree = BUILT_PRODUCTS_DIR; };
/* End PBXFileReference section */

/* Begin PBXFileSystemSynchronizedBuildFileExceptionSet section */
		1BB8908E2E62FC04003B67F6 /* Exceptions for "Z3st" folder in "Z3st" target */ = {
			isa = PBXFileSystemSynchronizedBuildFileExceptionSet;
			membershipExceptions = (
				Info.plist,
			);
			target = 1BFF8EC62E62D70800CB6A87 /* Z3st */;
		};
/* End PBXFileSystemSynchronizedBuildFileExceptionSet section */

/* Begin PBXFileSystemSynchronizedRootGroup section */
		1BFF8EC92E62D70800CB6A87 /* Z3st */ = {
			isa = PBXFileSystemSynchronizedRootGroup;
			exceptions = (
				1BB8908E2E62FC04003B67F6 /* Exceptions for "Z3st" folder in "Z3st" target */,
			);
			path = Z3st;
			sourceTree = "<group>";
		};
		1BFF8ED72E62D70900CB6A87 /* Z3stTests */ = {
			isa = PBXFileSystemSynchronizedRootGroup;
			path = Z3stTests;
			sourceTree = "<group>";
		};
		1BFF8EE12E62D70900CB6A87 /* Z3stUITests */ = {
			isa = PBXFileSystemSynchronizedRootGroup;
			path = Z3stUITests;
			sourceTree = "<group>";
		};
		1BFF90002E62E9A600CB6A87 /* Z3stWidget */ = {
			isa = PBXFileSystemSynchronizedRootGroup;
			path = Z3stWidget;
			sourceTree = "<group>";
		};
/* End PBXFileSystemSynchronizedRootGroup section */

/* Begin PBXFrameworksBuildPhase section */
		1BFF8EC42E62D70800CB6A87 /* Frameworks */ = {
			isa = PBXFrameworksBuildPhase;
			buildActionMask = 2147483647;
			files = (
				1BD0859D2E62E68E00999528 /* Supabase in Frameworks */,
				1BD085972E62E68E00999528 /* PostgREST in Frameworks */,
				1BD085952E62E68E00999528 /* Functions in Frameworks */,
				1BD085932E62E68E00999528 /* Auth in Frameworks */,
				1BD0859B2E62E68E00999528 /* Storage in Frameworks */,
				1BD085992E62E68E00999528 /* Realtime in Frameworks */,
			);
			runOnlyForDeploymentPostprocessing = 0;
		};
		1BFF8ED12E62D70900CB6A87 /* Frameworks */ = {
			isa = PBXFrameworksBuildPhase;
			buildActionMask = 2147483647;
			files = (
			);
			runOnlyForDeploymentPostprocessing = 0;
		};
		1BFF8EDB2E62D70900CB6A87 /* Frameworks */ = {
			isa = PBXFrameworksBuildPhase;
			buildActionMask = 2147483647;
			files = (
			);
			runOnlyForDeploymentPostprocessing = 0;
		};
		1BFF90042E62E9A600CB6A87 /* Frameworks */ = {
			isa = PBXFrameworksBuildPhase;
			buildActionMask = 2147483647;
			files = (
			);
			runOnlyForDeploymentPostprocessing = 0;
		};
/* End PBXFrameworksBuildPhase section */

/* Begin PBXGroup section */
		1BFF8EBE2E62D70800CB6A87 = {
			isa = PBXGroup;
			children = (
				1BFF8EC92E62D70800CB6A87 /* Z3st */,
				1BFF8ED72E62D70900CB6A87 /* Z3stTests */,
				1BFF8EE12E62D70900CB6A87 /* Z3stUITests */,
				1BFF90002E62E9A600CB6A87 /* Z3stWidget */,
				1BFF8EC82E62D70800CB6A87 /* Products */,
			);
			sourceTree = "<group>";
		};
		1BFF8EC82E62D70800CB6A87 /* Products */ = {
			isa = PBXGroup;
			children = (
				1BFF8EC72E62D70800CB6A87 /* Z3st.app */,
				1BFF8ED42E62D70900CB6A87 /* Z3stTests.xctest */,
				1BFF8EDE2E62D70900CB6A87 /* Z3stUITests.xctest */,
				1BFF90012E62E9A600CB6A87 /* Z3stWidget.appex */,
			);
			name = Products;
			sourceTree = "<group>";
		};
/* End PBXGroup section */

/* Begin PBXNativeTarget section */
		1BFF8EC62E62D70800CB6A87 /* Z3st */ = {
			isa = PBXNativeTarget;
			buildConfigurationList = 1BFF8EE82E62D70900CB6A87 /* Build configuration list for PBXNativeTarget "Z3st" */;
			buildPhases = (
				1BFF8EC32E62D70800CB6A87 /* Sources */,
				1BFF8EC42E62D70800CB6A87 /* Frameworks */,
				1BFF8EC52E62D70800CB6A87 /* Resources */,
			);
			buildRules = (
			);
			dependencies = (
			);
			fileSystemSynchronizedGroups = (
				1BFF8EC92E62D70800CB6A87 /* Z3st */,
			);
			name = Z3st;
			packageProductDependencies = (
				1BD0859C2E62E68E00999528 /* Supabase */,
				1BD085922E62E68E00999528 /* Auth */,
				1BD085942E62E68E00999528 /* Functions */,
				1BD085962E62E68E00999528 /* PostgREST */,
				1BD085982E62E68E00999528 /* Realtime */,
				1BD0859A2E62E68E00999528 /* Storage */,
			);
			productName = Z3st;
			productReference = 1BFF8EC72E62D70800CB6A87 /* Z3st.app */;
			productType = "com.apple.product-type.application";
		};
		1BFF8ED32E62D70900CB6A87 /* Z3stTests */ = {
			isa = PBXNativeTarget;
			buildConfigurationList = 1BFF8EEB2E62D70900CB6A87 /* Build configuration list for PBXNativeTarget "Z3stTests" */;
			buildPhases = (
				1BFF8ED02E62D70900CB6A87 /* Sources */,
				1BFF8ED12E62D70900CB6A87 /* Frameworks */,
				1BFF8ED22E62D70900CB6A87 /* Resources */,
			);
			buildRules = (
			);
			dependencies = (
				1BFF8ED62E62D70900CB6A87 /* PBXTargetDependency */,
			);
			fileSystemSynchronizedGroups = (
				1BFF8ED72E62D70900CB6A87 /* Z3stTests */,
			);
			name = Z3stTests;
			packageProductDependencies = (
			);
			productName = Z3stTests;
			productReference = 1BFF8ED42E62D70900CB6A87 /* Z3stTests.xctest */;
			productType = "com.apple.product-type.bundle.unit-test";
		};
		1BFF8EDD2E62D70900CB6A87 /* Z3stUITests */ = {
			isa = PBXNativeTarget;
			buildConfigurationList = 1BFF8EEE2E62D70900CB6A87 /* Build configuration list for PBXNativeTarget "Z3stUITests" */;
			buildPhases = (
				1BFF8EDA2E62D70900CB6A87 /* Sources */,
				1BFF8EDB2E62D70900CB6A87 /* Frameworks */,
				1BFF8EDC2E62D70900CB6A87 /* Resources */,
			);
			buildRules = (
			);
			dependencies = (
				1BFF8EE02E62D70900CB6A87 /* PBXTargetDependency */,
			);
			fileSystemSynchronizedGroups = (
				1BFF8EE12E62D70900CB6A87 /* Z3stUITests */,
			);
			name = Z3stUITests;
			packageProductDependencies = (
			);
			productName = Z3stUITests;
			productReference = 1BFF8EDE2E62D70900CB6A87 /* Z3stUITests.xctest */;
			productType = "com.apple.product-type.bundle.ui-testing";
		};
		1BFF90022E62E9A600CB6A87 /* Z3stWidget */ = {
			isa = PBXNativeTarget;
			buildConfigurationList = 1BFF90062E62E9A600CB6A87 /* Build configuration list for PBXNativeTarget "Z3stWidget" */;
			buildPhases = (
				1BFF90032E62E9A600CB6A87 /* Sources */,
				1BFF90042E62E9A600CB6A87 /* Frameworks */,
				1BFF90052E62E9A600CB6A87 /* Resources */,
			);
			buildRules = (
			);
			dependencies = (
			);
			fileSystemSynchronizedGroups = (
				1BFF90002E62E9A600CB6A87 /* Z3stWidget */,
			);
			name = Z3stWidget;
			packageProductDependencies = (
			);
			productName = Z3stWidget;
			productReference = 1BFF90012E62E9A600CB6A87 /* Z3stWidget.appex */;
			productType = "com.apple.product-type.app-extension";
		};
/* End PBXNativeTarget section */

/* Begin PBXProject section */
		1BFF8EBF2E62D70800CB6A87 /* Project object */ = {
			isa = PBXProject;
			attributes = {
				BuildIndependentTargetsInParallel = 1;
				LastSwiftUpdateCheck = 1640;
				LastUpgradeCheck = 1640;
				TargetAttributes = {
					1BFF8EC62E62D70800CB6A87 = {
						CreatedOnToolsVersion = 16.4;
					};
					1BFF8ED32E62D70900CB6A87 = {
						CreatedOnToolsVersion = 16.4;
						TestTargetID = 1BFF8EC62E62D70800CB6A87;
					};
					1BFF8EDD2E62D70900CB6A87 = {
						CreatedOnToolsVersion = 16.4;
						TestTargetID = 1BFF8EC62E62D70800CB6A87;
					};
				};
			};
			buildConfigurationList = 1BFF8EC22E62D70800CB6A87 /* Build configuration list for PBXProject "Z3st" */;
			developmentRegion = en;
			hasScannedForEncodings = 0;
			knownRegions = (
				en,
				Base,
			);
			mainGroup = 1BFF8EBE2E62D70800CB6A87;
			minimizedProjectReferenceProxies = 1;
			packageReferences = (
				1BD085912E62E68E00999528 /* XCRemoteSwiftPackageReference "supabase-swift" */,
			);
			preferredProjectObjectVersion = 77;
			productRefGroup = 1BFF8EC82E62D70800CB6A87 /* Products */;
			projectDirPath = "";
			projectRoot = "";
			targets = (
				1BFF8EC62E62D70800CB6A87 /* Z3st */,
				1BFF8ED32E62D70900CB6A87 /* Z3stTests */,
				1BFF8EDD2E62D70900CB6A87 /* Z3stUITests */,
				1BFF90022E62E9A600CB6A87 /* Z3stWidget */,
			);
		};
/* End PBXProject section */

/* Begin PBXResourcesBuildPhase section */
		1BFF8EC52E62D70800CB6A87 /* Resources */ = {
			isa = PBXResourcesBuildPhase;
			buildActionMask = 2147483647;
			files = (
			);
			runOnlyForDeploymentPostprocessing = 0;
		};
		1BFF8ED22E62D70900CB6A87 /* Resources */ = {
			isa = PBXResourcesBuildPhase;
			buildActionMask = 2147483647;
			files = (
			);
			runOnlyForDeploymentPostprocessing = 0;
		};
		1BFF8EDC2E62D70900CB6A87 /* Resources */ = {
			isa = PBXResourcesBuildPhase;
			buildActionMask = 2147483647;
			files = (
			);
			runOnlyForDeploymentPostprocessing = 0;
		};
		1BFF90052E62E9A600CB6A87 /* Resources */ = {
			isa = PBXResourcesBuildPhase;
			buildActionMask = 2147483647;
			files = (
			);
			runOnlyForDeploymentPostprocessing = 0;
		};
/* End PBXResourcesBuildPhase section */

/* Begin PBXSourcesBuildPhase section */
		1BFF8EC32E62D70800CB6A87 /* Sources */ = {
			isa = PBXSourcesBuildPhase;
			buildActionMask = 2147483647;
			files = (
			);
			runOnlyForDeploymentPostprocessing = 0;
		};
		1BFF8ED02E62D70900CB6A87 /* Sources */ = {
			isa = PBXSourcesBuildPhase;
			buildActionMask = 2147483647;
			files = (
			);
			runOnlyForDeploymentPostprocessing = 0;
		};
		1BFF8EDA2E62D70900CB6A87 /* Sources */ = {
			isa = PBXSourcesBuildPhase;
			buildActionMask = 2147483647;
			files = (
			);
			runOnlyForDeploymentPostprocessing = 0;
		};
		1BFF90032E62E9A600CB6A87 /* Sources */ = {
			isa = PBXSourcesBuildPhase;
			buildActionMask = 2147483647;
			files = (
			);
			runOnlyForDeploymentPostprocessing = 0;
		};
/* End PBXSourcesBuildPhase section */

/* Begin PBXTargetDependency section */
		1BFF8ED62E62D70900CB6A87 /* PBXTargetDependency */ = {
			isa = PBXTargetDependency;
			target = 1BFF8EC62E62D70800CB6A87 /* Z3st */;
			targetProxy = 1BFF8ED52E62D70900CB6A87 /* PBXContainerItemProxy */;
		};
		1BFF8EE02E62D70900CB6A87 /* PBXTargetDependency */ = {
			isa = PBXTargetDependency;
			target = 1BFF8EC62E62D70800CB6A87 /* Z3st */;
			targetProxy = 1BFF8EDF2E62D70900CB6A87 /* PBXContainerItemProxy */;
		};
/* End PBXTargetDependency section */

/* Begin XCBuildConfiguration section */
		1BFF8EE62E62D70900CB6A87 /* Debug */ = {
			isa = XCBuildConfiguration;
			buildSettings = {
				ALWAYS_SEARCH_USER_PATHS = NO;
				ASSETCATALOG_COMPILER_GENERATE_SWIFT_ASSET_SYMBOL_EXTENSIONS = YES;
				CLANG_ANALYZER_NONNULL = YES;
				CLANG_ANALYZER_NUMBER_OBJECT_CONVERSION = YES_AGGRESSIVE;
				CLANG_CXX_LANGUAGE_STANDARD = "gnu++20";
				CLANG_ENABLE_MODULES = YES;
				CLANG_ENABLE_OBJC_ARC = YES;
				CLANG_ENABLE_OBJC_WEAK = YES;
				CLANG_WARN_BLOCK_CAPTURE_AUTORELEASING = YES;
				CLANG_WARN_BOOL_CONVERSION = YES;
				CLANG_WARN_COMMA = YES;
				CLANG_WARN_CONSTANT_CONVERSION = YES;
				CLANG_WARN_DEPRECATED_OBJC_IMPLEMENTATIONS = YES;
				CLANG_WARN_DIRECT_OBJC_ISA_USAGE = YES_ERROR;
				CLANG_WARN_DOCUMENTATION_COMMENTS = YES;
				CLANG_WARN_EMPTY_BODY = YES;
				CLANG_WARN_ENUM_CONVERSION = YES;
				CLANG_WARN_INFINITE_RECURSION = YES;
				CLANG_WARN_INT_CONVERSION = YES;
				CLANG_WARN_NON_LITERAL_NULL_CONVERSION = YES;
				CLANG_WARN_OBJC_IMPLICIT_RETAIN_SELF = YES;
				CLANG_WARN_OBJC_LITERAL_CONVERSION = YES;
				CLANG_WARN_OBJC_ROOT_CLASS = YES_ERROR;
				CLANG_WARN_QUOTED_INCLUDE_IN_FRAMEWORK_HEADER = YES;
				CLANG_WARN_RANGE_LOOP_ANALYSIS = YES;
				CLANG_WARN_STRICT_PROTOTYPES = YES;
				CLANG_WARN_SUSPICIOUS_MOVE = YES;
				CLANG_WARN_UNGUARDED_AVAILABILITY = YES_AGGRESSIVE;
				CLANG_WARN_UNREACHABLE_CODE = YES;
				CLANG_WARN__DUPLICATE_METHOD_MATCH = YES;
				COPY_PHASE_STRIP = NO;
				DEBUG_INFORMATION_FORMAT = dwarf;
				DEVELOPMENT_TEAM = D9CEWCC85U;
				ENABLE_STRICT_OBJC_MSGSEND = YES;
				ENABLE_TESTABILITY = YES;
				ENABLE_USER_SCRIPT_SANDBOXING = YES;
				GCC_C_LANGUAGE_STANDARD = gnu17;
				GCC_DYNAMIC_NO_PIC = NO;
				GCC_NO_COMMON_BLOCKS = YES;
				GCC_OPTIMIZATION_LEVEL = 0;
				GCC_PREPROCESSOR_DEFINITIONS = (
					"DEBUG=1",
					"$(inherited)",
				);
				GCC_WARN_64_TO_32_BIT_CONVERSION = YES;
				GCC_WARN_ABOUT_RETURN_TYPE = YES_ERROR;
				GCC_WARN_UNDECLARED_SELECTOR = YES;
				GCC_WARN_UNINITIALIZED_AUTOS = YES_AGGRESSIVE;
				GCC_WARN_UNUSED_FUNCTION = YES;
				GCC_WARN_UNUSED_VARIABLE = YES;
				IPHONEOS_DEPLOYMENT_TARGET = 18.5;
				LOCALIZATION_PREFERS_STRING_CATALOGS = YES;
				MTL_ENABLE_DEBUG_INFO = INCLUDE_SOURCE;
				MTL_FAST_MATH = YES;
				ONLY_ACTIVE_ARCH = YES;
				SDKROOT = iphoneos;
				SWIFT_ACTIVE_COMPILATION_CONDITIONS = "DEBUG $(inherited)";
				SWIFT_OPTIMIZATION_LEVEL = "-Onone";
			};
			name = Debug;
		};
		1BFF8EE72E62D70900CB6A87 /* Release */ = {
			isa = XCBuildConfiguration;
			buildSettings = {
				ALWAYS_SEARCH_USER_PATHS = NO;
				ASSETCATALOG_COMPILER_GENERATE_SWIFT_ASSET_SYMBOL_EXTENSIONS = YES;
				CLANG_ANALYZER_NONNULL = YES;
				CLANG_ANALYZER_NUMBER_OBJECT_CONVERSION = YES_AGGRESSIVE;
				CLANG_CXX_LANGUAGE_STANDARD = "gnu++20";
				CLANG_ENABLE_MODULES = YES;
				CLANG_ENABLE_OBJC_ARC = YES;
				CLANG_ENABLE_OBJC_WEAK = YES;
				CLANG_WARN_BLOCK_CAPTURE_AUTORELEASING = YES;
				CLANG_WARN_BOOL_CONVERSION = YES;
				CLANG_WARN_COMMA = YES;
				CLANG_WARN_CONSTANT_CONVERSION = YES;
				CLANG_WARN_DEPRECATED_OBJC_IMPLEMENTATIONS = YES;
				CLANG_WARN_DIRECT_OBJC_ISA_USAGE = YES_ERROR;
				CLANG_WARN_DOCUMENTATION_COMMENTS = YES;
				CLANG_WARN_EMPTY_BODY = YES;
				CLANG_WARN_ENUM_CONVERSION = YES;
				CLANG_WARN_INFINITE_RECURSION = YES;
				CLANG_WARN_INT_CONVERSION = YES;
				CLANG_WARN_NON_LITERAL_NULL_CONVERSION = YES;
				CLANG_WARN_OBJC_IMPLICIT_RETAIN_SELF = YES;
				CLANG_WARN_OBJC_LITERAL_CONVERSION = YES;
				CLANG_WARN_OBJC_ROOT_CLASS = YES_ERROR;
				CLANG_WARN_QUOTED_INCLUDE_IN_FRAMEWORK_HEADER = YES;
				CLANG_WARN_RANGE_LOOP_ANALYSIS = YES;
				CLANG_WARN_STRICT_PROTOTYPES = YES;
				CLANG_WARN_SUSPICIOUS_MOVE = YES;
				CLANG_WARN_UNGUARDED_AVAILABILITY = YES_AGGRESSIVE;
				CLANG_WARN_UNREACHABLE_CODE = YES;
				CLANG_WARN__DUPLICATE_METHOD_MATCH = YES;
				COPY_PHASE_STRIP = NO;
				DEBUG_INFORMATION_FORMAT = "dwarf-with-dsym";
				DEVELOPMENT_TEAM = D9CEWCC85U;
				ENABLE_NS_ASSERTIONS = NO;
				ENABLE_STRICT_OBJC_MSGSEND = YES;
				ENABLE_USER_SCRIPT_SANDBOXING = YES;
				GCC_C_LANGUAGE_STANDARD = gnu17;
				GCC_NO_COMMON_BLOCKS = YES;
				GCC_WARN_64_TO_32_BIT_CONVERSION = YES;
				GCC_WARN_ABOUT_RETURN_TYPE = YES_ERROR;
				GCC_WARN_UNDECLARED_SELECTOR = YES;
				GCC_WARN_UNINITIALIZED_AUTOS = YES_AGGRESSIVE;
				GCC_WARN_UNUSED_FUNCTION = YES;
				GCC_WARN_UNUSED_VARIABLE = YES;
				IPHONEOS_DEPLOYMENT_TARGET = 18.5;
				LOCALIZATION_PREFERS_STRING_CATALOGS = YES;
				MTL_ENABLE_DEBUG_INFO = NO;
				MTL_FAST_MATH = YES;
				SDKROOT = iphoneos;
				SWIFT_COMPILATION_MODE = wholemodule;
				VALIDATE_PRODUCT = YES;
			};
			name = Release;
		};
		1BFF8EE92E62D70900CB6A87 /* Debug */ = {
			isa = XCBuildConfiguration;
			buildSettings = {
				ASSETCATALOG_COMPILER_APPICON_NAME = AppIcon;
				ASSETCATALOG_COMPILER_GLOBAL_ACCENT_COLOR_NAME = AccentColor;
				CODE_SIGN_ENTITLEMENTS = Z3st/Z3st.entitlements;
				CODE_SIGN_STYLE = Automatic;
				CURRENT_PROJECT_VERSION = 1;
				DEVELOPMENT_TEAM = D9CEWCC85U;
				ENABLE_PREVIEWS = YES;
				GENERATE_INFOPLIST_FILE = YES;
				INFOPLIST_FILE = Z3st/Info.plist;
				INFOPLIST_KEY_AppGroupID = "$(APP_GROUP_ID)";
				INFOPLIST_KEY_BGTaskSchedulerPermittedIdentifiers = com.z3st.refresh;
				INFOPLIST_KEY_CFBundleURLTypes = "{\n    CFBundleURLName = \"app.z3st.z3st\";\n    CFBundleURLSchemes =     (\n        z3st\n    );\n}";
				INFOPLIST_KEY_LSApplicationCategoryType = "public.app-category.healthcare-fitness";
				INFOPLIST_KEY_NSCameraUsageDescription = "Capture a profile photo.";
				INFOPLIST_KEY_NSHealthShareUsageDescription = "Read water intake to sync with Apple Health.";
				INFOPLIST_KEY_NSHealthUpdateUsageDescription = "Write water intake to Apple Health.";
				INFOPLIST_KEY_NSPhotoLibraryUsageDescription = "Allow Z3st to access your photos to choose a profile picture.";
				INFOPLIST_KEY_UIApplicationSceneManifest_Generation = YES;
				INFOPLIST_KEY_UIApplicationSupportsIndirectInputEvents = YES;
				INFOPLIST_KEY_UILaunchScreen_Generation = YES;
				INFOPLIST_KEY_UISupportedInterfaceOrientations_iPad = "UIInterfaceOrientationPortrait UIInterfaceOrientationPortraitUpsideDown UIInterfaceOrientationLandscapeLeft UIInterfaceOrientationLandscapeRight";
				INFOPLIST_KEY_UISupportedInterfaceOrientations_iPhone = "UIInterfaceOrientationPortrait UIInterfaceOrientationLandscapeLeft UIInterfaceOrientationLandscapeRight";
				LD_RUNPATH_SEARCH_PATHS = (
					"$(inherited)",
					"@executable_path/Frameworks",
				);
				MARKETING_VERSION = 1.0;
				PRODUCT_BUNDLE_IDENTIFIER = app.z3st.z3st.Z3st;
				PRODUCT_NAME = "$(TARGET_NAME)";
				SWIFT_EMIT_LOC_STRINGS = YES;
				SWIFT_VERSION = 5.0;
				TARGETED_DEVICE_FAMILY = "1,2";
			};
			name = Debug;
		};
		1BFF8EEA2E62D70900CB6A87 /* Release */ = {
			isa = XCBuildConfiguration;
			buildSettings = {
				ASSETCATALOG_COMPILER_APPICON_NAME = AppIcon;
				ASSETCATALOG_COMPILER_GLOBAL_ACCENT_COLOR_NAME = AccentColor;
				CODE_SIGN_ENTITLEMENTS = Z3st/Z3st.entitlements;
				CODE_SIGN_STYLE = Automatic;
				CURRENT_PROJECT_VERSION = 1;
				DEVELOPMENT_TEAM = D9CEWCC85U;
				ENABLE_PREVIEWS = YES;
				GENERATE_INFOPLIST_FILE = YES;
				INFOPLIST_FILE = Z3st/Info.plist;
				INFOPLIST_KEY_AppGroupID = "$(APP_GROUP_ID)";
				INFOPLIST_KEY_BGTaskSchedulerPermittedIdentifiers = com.z3st.refresh;
				INFOPLIST_KEY_CFBundleURLTypes = "{\n    CFBundleURLName = \"app.z3st.z3st\";\n    CFBundleURLSchemes =     (\n        z3st\n    );\n}";
				INFOPLIST_KEY_LSApplicationCategoryType = "public.app-category.healthcare-fitness";
				INFOPLIST_KEY_NSCameraUsageDescription = "Capture a profile photo.";
				INFOPLIST_KEY_NSHealthShareUsageDescription = "Read water intake to sync with Apple Health.";
				INFOPLIST_KEY_NSHealthUpdateUsageDescription = "Write water intake to Apple Health.";
				INFOPLIST_KEY_NSPhotoLibraryUsageDescription = "Allow Z3st to access your photos to choose a profile picture.";
				INFOPLIST_KEY_UIApplicationSceneManifest_Generation = YES;
				INFOPLIST_KEY_UIApplicationSupportsIndirectInputEvents = YES;
				INFOPLIST_KEY_UILaunchScreen_Generation = YES;
				INFOPLIST_KEY_UISupportedInterfaceOrientations_iPad = "UIInterfaceOrientationPortrait UIInterfaceOrientationPortraitUpsideDown UIInterfaceOrientationLandscapeLeft UIInterfaceOrientationLandscapeRight";
				INFOPLIST_KEY_UISupportedInterfaceOrientations_iPhone = "UIInterfaceOrientationPortrait UIInterfaceOrientationLandscapeLeft UIInterfaceOrientationLandscapeRight";
				LD_RUNPATH_SEARCH_PATHS = (
					"$(inherited)",
					"@executable_path/Frameworks",
				);
				MARKETING_VERSION = 1.0;
				PRODUCT_BUNDLE_IDENTIFIER = app.z3st.z3st.Z3st;
				PRODUCT_NAME = "$(TARGET_NAME)";
				SWIFT_EMIT_LOC_STRINGS = YES;
				SWIFT_VERSION = 5.0;
				TARGETED_DEVICE_FAMILY = "1,2";
			};
			name = Release;
		};
		1BFF8EEC2E62D70900CB6A87 /* Debug */ = {
			isa = XCBuildConfiguration;
			buildSettings = {
				BUNDLE_LOADER = "$(TEST_HOST)";
				CODE_SIGN_STYLE = Automatic;
				CURRENT_PROJECT_VERSION = 1;
				DEVELOPMENT_TEAM = D9CEWCC85U;
				GENERATE_INFOPLIST_FILE = YES;
				IPHONEOS_DEPLOYMENT_TARGET = 18.5;
				MARKETING_VERSION = 1.0;
				PRODUCT_BUNDLE_IDENTIFIER = app.z3st.z3st.Z3stTests;
				PRODUCT_NAME = "$(TARGET_NAME)";
				SWIFT_ACTIVE_COMPILATION_CONDITIONS = "DEBUG OFFLINE_TESTS";
				SWIFT_EMIT_LOC_STRINGS = NO;
				SWIFT_VERSION = 5.0;
				TARGETED_DEVICE_FAMILY = "1,2";
				TEST_HOST = "$(BUILT_PRODUCTS_DIR)/Z3st.app/$(BUNDLE_EXECUTABLE_FOLDER_PATH)/Z3st";
			};
			name = Debug;
		};
		1BFF8EED2E62D70900CB6A87 /* Release */ = {
			isa = XCBuildConfiguration;
			buildSettings = {
				BUNDLE_LOADER = "$(TEST_HOST)";
				CODE_SIGN_STYLE = Automatic;
				CURRENT_PROJECT_VERSION = 1;
				DEVELOPMENT_TEAM = D9CEWCC85U;
				GENERATE_INFOPLIST_FILE = YES;
				IPHONEOS_DEPLOYMENT_TARGET = 18.5;
				MARKETING_VERSION = 1.0;
				PRODUCT_BUNDLE_IDENTIFIER = app.z3st.z3st.Z3stTests;
				PRODUCT_NAME = "$(TARGET_NAME)";
				SWIFT_ACTIVE_COMPILATION_CONDITIONS = OFFLINE_TESTS;
				SWIFT_EMIT_LOC_STRINGS = NO;
				SWIFT_VERSION = 5.0;
				TARGETED_DEVICE_FAMILY = "1,2";
				TEST_HOST = "$(BUILT_PRODUCTS_DIR)/Z3st.app/$(BUNDLE_EXECUTABLE_FOLDER_PATH)/Z3st";
			};
			name = Release;
		};
		1BFF8EEF2E62D70900CB6A87 /* Debug */ = {
			isa = XCBuildConfiguration;
			buildSettings = {
				CODE_SIGN_STYLE = Automatic;
				CURRENT_PROJECT_VERSION = 1;
				DEVELOPMENT_TEAM = D9CEWCC85U;
				GENERATE_INFOPLIST_FILE = YES;
				MARKETING_VERSION = 1.0;
				PRODUCT_BUNDLE_IDENTIFIER = app.z3st.z3st.Z3stUITests;
				PRODUCT_NAME = "$(TARGET_NAME)";
				SWIFT_EMIT_LOC_STRINGS = NO;
				SWIFT_VERSION = 5.0;
				TARGETED_DEVICE_FAMILY = "1,2";
				TEST_TARGET_NAME = Z3st;
			};
			name = Debug;
		};
		1BFF8EF02E62D70900CB6A87 /* Release */ = {
			isa = XCBuildConfiguration;
			buildSettings = {
				CODE_SIGN_STYLE = Automatic;
				CURRENT_PROJECT_VERSION = 1;
				DEVELOPMENT_TEAM = D9CEWCC85U;
				GENERATE_INFOPLIST_FILE = YES;
				MARKETING_VERSION = 1.0;
				PRODUCT_BUNDLE_IDENTIFIER = app.z3st.z3st.Z3stUITests;
				PRODUCT_NAME = "$(TARGET_NAME)";
				SWIFT_EMIT_LOC_STRINGS = NO;
				SWIFT_VERSION = 5.0;
				TARGETED_DEVICE_FAMILY = "1,2";
				TEST_TARGET_NAME = Z3st;
			};
			name = Release;
		};
		1BFF90072E62E9A600CB6A87 /* Debug */ = {
			isa = XCBuildConfiguration;
			buildSettings = {
				ASSETCATALOG_COMPILER_GENERATE_SWIFT_ASSET_SYMBOL_EXTENSIONS = YES;
				CODE_SIGN_STYLE = Automatic;
				CURRENT_PROJECT_VERSION = 1;
				DEVELOPMENT_TEAM = D9CEWCC85U;
				EXCLUDED_SOURCE_FILE_NAMES = Info.plist;
				GENERATE_INFOPLIST_FILE = NO;
				INFOPLIST_FILE = Z3stWidget/Info.plist;
				IPHONEOS_DEPLOYMENT_TARGET = 16.0;
				LD_RUNPATH_SEARCH_PATHS = (
					"$(inherited)",
					"@executable_path/Frameworks",
					"@executable_path/../../Frameworks",
				);
				MARKETING_VERSION = 1.0;
				PRODUCT_BUNDLE_IDENTIFIER = app.z3st.z3st.Z3st.Z3stWidget;
				PRODUCT_NAME = "$(TARGET_NAME)";
				SKIP_INSTALL = YES;
				SWIFT_EMIT_LOC_STRINGS = YES;
				SWIFT_VERSION = 5.0;
				TARGETED_DEVICE_FAMILY = "1,2";
			};
			name = Debug;
		};
		1BFF90082E62E9A600CB6A87 /* Release */ = {
			isa = XCBuildConfiguration;
			buildSettings = {
				ASSETCATALOG_COMPILER_GENERATE_SWIFT_ASSET_SYMBOL_EXTENSIONS = YES;
				CODE_SIGN_STYLE = Automatic;
				CURRENT_PROJECT_VERSION = 1;
				DEVELOPMENT_TEAM = D9CEWCC85U;
				EXCLUDED_SOURCE_FILE_NAMES = Info.plist;
				GENERATE_INFOPLIST_FILE = NO;
				INFOPLIST_FILE = Z3stWidget/Info.plist;
				IPHONEOS_DEPLOYMENT_TARGET = 16.0;
				LD_RUNPATH_SEARCH_PATHS = (
					"$(inherited)",
					"@executable_path/Frameworks",
					"@executable_path/../../Frameworks",
				);
				MARKETING_VERSION = 1.0;
				PRODUCT_BUNDLE_IDENTIFIER = app.z3st.z3st.Z3st.Z3stWidget;
				PRODUCT_NAME = "$(TARGET_NAME)";
				SKIP_INSTALL = YES;
				SWIFT_EMIT_LOC_STRINGS = YES;
				SWIFT_VERSION = 5.0;
				TARGETED_DEVICE_FAMILY = "1,2";
			};
			name = Release;
		};
/* End XCBuildConfiguration section */

/* Begin XCConfigurationList section */
		1BFF8EC22E62D70800CB6A87 /* Build configuration list for PBXProject "Z3st" */ = {
			isa = XCConfigurationList;
			buildConfigurations = (
				1BFF8EE62E62D70900CB6A87 /* Debug */,
				1BFF8EE72E62D70900CB6A87 /* Release */,
			);
			defaultConfigurationIsVisible = 0;
			defaultConfigurationName = Release;
		};
		1BFF8EE82E62D70900CB6A87 /* Build configuration list for PBXNativeTarget "Z3st" */ = {
			isa = XCConfigurationList;
			buildConfigurations = (
				1BFF8EE92E62D70900CB6A87 /* Debug */,
				1BFF8EEA2E62D70900CB6A87 /* Release */,
			);
			defaultConfigurationIsVisible = 0;
			defaultConfigurationName = Release;
		};
		1BFF8EEB2E62D70900CB6A87 /* Build configuration list for PBXNativeTarget "Z3stTests" */ = {
			isa = XCConfigurationList;
			buildConfigurations = (
				1BFF8EEC2E62D70900CB6A87 /* Debug */,
				1BFF8EED2E62D70900CB6A87 /* Release */,
			);
			defaultConfigurationIsVisible = 0;
			defaultConfigurationName = Release;
		};
		1BFF8EEE2E62D70900CB6A87 /* Build configuration list for PBXNativeTarget "Z3stUITests" */ = {
			isa = XCConfigurationList;
			buildConfigurations = (
				1BFF8EEF2E62D70900CB6A87 /* Debug */,
				1BFF8EF02E62D70900CB6A87 /* Release */,
			);
			defaultConfigurationIsVisible = 0;
			defaultConfigurationName = Release;
		};
		1BFF90062E62E9A600CB6A87 /* Build configuration list for PBXNativeTarget "Z3stWidget" */ = {
			isa = XCConfigurationList;
			buildConfigurations = (
				1BFF90072E62E9A600CB6A87 /* Debug */,
				1BFF90082E62E9A600CB6A87 /* Release */,
			);
			defaultConfigurationIsVisible = 0;
			defaultConfigurationName = Release;
		};
/* End XCConfigurationList section */

/* Begin XCRemoteSwiftPackageReference section */
		1BD085912E62E68E00999528 /* XCRemoteSwiftPackageReference "supabase-swift" */ = {
			isa = XCRemoteSwiftPackageReference;
			repositoryURL = "https://github.com/supabase/supabase-swift";
			requirement = {
				kind = upToNextMajorVersion;
				minimumVersion = 2.5.1;
			};
		};
/* End XCRemoteSwiftPackageReference section */

/* Begin XCSwiftPackageProductDependency section */
		1BD085922E62E68E00999528 /* Auth */ = {
			isa = XCSwiftPackageProductDependency;
			package = 1BD085912E62E68E00999528 /* XCRemoteSwiftPackageReference "supabase-swift" */;
			productName = Auth;
		};
		1BD085942E62E68E00999528 /* Functions */ = {
			isa = XCSwiftPackageProductDependency;
			package = 1BD085912E62E68E00999528 /* XCRemoteSwiftPackageReference "supabase-swift" */;
			productName = Functions;
		};
		1BD085962E62E68E00999528 /* PostgREST */ = {
			isa = XCSwiftPackageProductDependency;
			package = 1BD085912E62E68E00999528 /* XCRemoteSwiftPackageReference "supabase-swift" */;
			productName = PostgREST;
		};
		1BD085982E62E68E00999528 /* Realtime */ = {
			isa = XCSwiftPackageProductDependency;
			package = 1BD085912E62E68E00999528 /* XCRemoteSwiftPackageReference "supabase-swift" */;
			productName = Realtime;
		};
		1BD0859A2E62E68E00999528 /* Storage */ = {
			isa = XCSwiftPackageProductDependency;
			package = 1BD085912E62E68E00999528 /* XCRemoteSwiftPackageReference "supabase-swift" */;
			productName = Storage;
		};
		1BD0859C2E62E68E00999528 /* Supabase */ = {
			isa = XCSwiftPackageProductDependency;
			package = 1BD085912E62E68E00999528 /* XCRemoteSwiftPackageReference "supabase-swift" */;
			productName = Supabase;
		};
/* End XCSwiftPackageProductDependency section */
	};
	rootObject = 1BFF8EBF2E62D70800CB6A87 /* Project object */;
}
